
Microsoft Visual Studio Solution File, Format Version 12.00
# Visual Studio Version 17
VisualStudioVersion = 17.4.33213.308
MinimumVisualStudioVersion = 10.0.40219.1
Project("{FAE04EC0-301F-11D3-BF4B-00C04F79EFBC}") = "aplicacionWeb", "aplicacionWeb\aplicacionWeb.csproj", "{403B74B6-2E78-407F-BA6B-CC9EE8C760A8}"
EndProject
Global
	GlobalSection(SolutionConfigurationPlatforms) = preSolution
		Debug|Any CPU = Debug|Any CPU
		Release|Any CPU = Release|Any CPU
	EndGlobalSection
	GlobalSection(ProjectConfigurationPlatforms) = postSolution
		{403B74B6-2E78-407F-BA6B-CC9EE8C760A8}.Debug|Any CPU.ActiveCfg = Debug|Any CPU
		{403B74B6-2E78-407F-BA6B-CC9EE8C760A8}.Debug|Any CPU.Build.0 = Debug|Any CPU
		{403B74B6-2E78-407F-BA6B-CC9EE8C760A8}.Release|Any CPU.ActiveCfg = Release|Any CPU
		{403B74B6-2E78-407F-BA6B-CC9EE8C760A8}.Release|Any CPU.Build.0 = Release|Any CPU
	EndGlobalSection
	GlobalSection(SolutionProperties) = preSolution
		HideSolutionNode = FALSE
	EndGlobalSection
	GlobalSection(ExtensibilityGlobals) = postSolution
		SolutionGuid = {6206F2D1-7213-44D2-8717-C5D400AB6458}
	EndGlobalSection
EndGlobal
